# Generated by buf. DO NOT EDIT.
version: v1
deps:
  - remote: buf.build
    owner: googleapis
    repository: googleapis
    commit: b70d5bc6e99147928d9d4455fd60fc7a
    digest: shake256:de26a277fc28b8b411ecf58729d78d32fcf15090ffd998a4469225b17889bfb51442eaab04bb7a8d88d203ecdf0a9febd4ffd52c18ed1c2229160c7bd353ca95
  - remote: buf.build
    owner: grpc-ecosystem
    repository: grpc-gateway
    commit: d78510a336fd41398a15d2f00615548b
    digest: shake256:67b115260e12cb2d6c5d5ce8dbbf3a095c86f0e52b84f9dbd16dec9433b218f8694bc9aadb1d45eb6fd52f5a7029977d460e2d58afb3208ab6c680e7b21c80e4
  - remote: buf.build
    owner: ufoundit-dev
    repository: protoc-gen-gorm
    commit: e2ecbaa0d37843298104bd29fd866df8
    digest: shake256:088347669906bc49513b40d58fd7ae877769668928fca038e070732ce0f9855c03f21885b0099e0d27acf9475feca0a34dbcedac22bb374bf2cd7c1e352de56c
